
Microsoft Visual Studio Solution File, Format Version 12.00
# Visual Studio Version 16
VisualStudioVersion = 16.0.33328.57
MinimumVisualStudioVersion = 10.0.40219.1
Project("{E24C65DC-7377-472B-9ABA-BC803B73C61A}") = "MiMFa aseqbase", ".", "{0BC0E146-D19F-4170-AC7E-C5D3CFDE3AB7}"
	ProjectSection(WebsiteProperties) = preProject
		TargetFrameworkMoniker = ".NETFramework,Version%3Dv2.0"
		Debug.AspNetCompiler.VirtualPath = "/localhost_56031"
		Debug.AspNetCompiler.PhysicalPath = "..\MiMFa aseqbase\"
		Debug.AspNetCompiler.TargetPath = "PrecompiledWeb\localhost_56031\"
		Debug.AspNetCompiler.Updateable = "true"
		Debug.AspNetCompiler.ForceOverwrite = "true"
		Debug.AspNetCompiler.FixedNames = "false"
		Debug.AspNetCompiler.Debug = "True"
		Release.AspNetCompiler.VirtualPath = "/localhost_56031"
		Release.AspNetCompiler.PhysicalPath = "..\MiMFa aseqbase\"
		Release.AspNetCompiler.TargetPath = "PrecompiledWeb\localhost_56031\"
		Release.AspNetCompiler.Updateable = "true"
		Release.AspNetCompiler.ForceOverwrite = "true"
		Release.AspNetCompiler.FixedNames = "false"
		Release.AspNetCompiler.Debug = "False"
		VWDPort = "56031"
		SlnRelativePath = "..\MiMFa aseqbase\"
	EndProjectSection
EndProject
Global
	GlobalSection(SolutionConfigurationPlatforms) = preSolution
		Debug|Any CPU = Debug|Any CPU
	EndGlobalSection
	GlobalSection(ProjectConfigurationPlatforms) = postSolution
		{0BC0E146-D19F-4170-AC7E-C5D3CFDE3AB7}.Debug|Any CPU.ActiveCfg = Debug|Any CPU
		{0BC0E146-D19F-4170-AC7E-C5D3CFDE3AB7}.Debug|Any CPU.Build.0 = Debug|Any CPU
	EndGlobalSection
	GlobalSection(SolutionProperties) = preSolution
		HideSolutionNode = FALSE
	EndGlobalSection
	GlobalSection(ExtensibilityGlobals) = postSolution
		SolutionGuid = {9B0CE65B-A6CC-4FFD-8A87-9B3113CF1EC9}
	EndGlobalSection
EndGlobal
